
Microsoft Visual Studio Solution File, Format Version 12.00
# Visual Studio 14
VisualStudioVersion = 14.0.22609.0
MinimumVisualStudioVersion = 10.0.40219.1
Project("{8BC9CEB8-8B4A-11D0-8D11-00A0C91BC942}") = "HelloWorld", "HelloWorld\HelloWorld.vcxproj", "{11D52483-9148-4C25-AA58-F9EF71F496B7}"
EndProject
Project("{8BC9CEB8-8B4A-11D0-8D11-00A0C91BC942}") = "SegmentTree", "SegmentTree\SegmentTree.vcxproj", "{AC32F638-43F8-4B48-8B78-DAAC50BFA87A}"
EndProject
Project("{8BC9CEB8-8B4A-11D0-8D11-00A0C91BC942}") = "Thread", "Thread\Thread.vcxproj", "{5AB4CE80-897B-4BCB-B4CF-A9EB24A0F8C2}"
EndProject
Project("{8BC9CEB8-8B4A-11D0-8D11-00A0C91BC942}") = "MazePortal", "MazePortal\MazePortal.vcxproj", "{5870808D-26E3-4D01-962A-C855F01959A4}"
EndProject
Project("{8BC9CEB8-8B4A-11D0-8D11-00A0C91BC942}") = "Sisyphus", "Sisyphus\Sisyphus.vcxproj", "{B597421E-5392-4B35-A05C-F508A55CBE67}"
EndProject
Project("{8BC9CEB8-8B4A-11D0-8D11-00A0C91BC942}") = "Sisyphys.Tests", "Sisyphys.Tests\Sisyphys.Tests.vcxproj", "{8BF976C9-4CA8-4987-B899-21E7F7368BD1}"
	ProjectSection(ProjectDependencies) = postProject
		{B597421E-5392-4B35-A05C-F508A55CBE67} = {B597421E-5392-4B35-A05C-F508A55CBE67}
	EndProjectSection
EndProject
Global
	GlobalSection(SolutionConfigurationPlatforms) = preSolution
		Debug|Win32 = Debug|Win32
		Release|Win32 = Release|Win32
	EndGlobalSection
	GlobalSection(ProjectConfigurationPlatforms) = postSolution
		{11D52483-9148-4C25-AA58-F9EF71F496B7}.Debug|Win32.ActiveCfg = Debug|Win32
		{11D52483-9148-4C25-AA58-F9EF71F496B7}.Debug|Win32.Build.0 = Debug|Win32
		{11D52483-9148-4C25-AA58-F9EF71F496B7}.Release|Win32.ActiveCfg = Release|Win32
		{11D52483-9148-4C25-AA58-F9EF71F496B7}.Release|Win32.Build.0 = Release|Win32
		{AC32F638-43F8-4B48-8B78-DAAC50BFA87A}.Debug|Win32.ActiveCfg = Debug|Win32
		{AC32F638-43F8-4B48-8B78-DAAC50BFA87A}.Debug|Win32.Build.0 = Debug|Win32
		{AC32F638-43F8-4B48-8B78-DAAC50BFA87A}.Release|Win32.ActiveCfg = Release|Win32
		{AC32F638-43F8-4B48-8B78-DAAC50BFA87A}.Release|Win32.Build.0 = Release|Win32
		{5AB4CE80-897B-4BCB-B4CF-A9EB24A0F8C2}.Debug|Win32.ActiveCfg = Debug|Win32
		{5AB4CE80-897B-4BCB-B4CF-A9EB24A0F8C2}.Debug|Win32.Build.0 = Debug|Win32
		{5AB4CE80-897B-4BCB-B4CF-A9EB24A0F8C2}.Release|Win32.ActiveCfg = Release|Win32
		{5AB4CE80-897B-4BCB-B4CF-A9EB24A0F8C2}.Release|Win32.Build.0 = Release|Win32
		{5870808D-26E3-4D01-962A-C855F01959A4}.Debug|Win32.ActiveCfg = Debug|Win32
		{5870808D-26E3-4D01-962A-C855F01959A4}.Debug|Win32.Build.0 = Debug|Win32
		{5870808D-26E3-4D01-962A-C855F01959A4}.Release|Win32.ActiveCfg = Release|Win32
		{5870808D-26E3-4D01-962A-C855F01959A4}.Release|Win32.Build.0 = Release|Win32
		{B597421E-5392-4B35-A05C-F508A55CBE67}.Debug|Win32.ActiveCfg = Debug|Win32
		{B597421E-5392-4B35-A05C-F508A55CBE67}.Debug|Win32.Build.0 = Debug|Win32
		{B597421E-5392-4B35-A05C-F508A55CBE67}.Release|Win32.ActiveCfg = Release|Win32
		{B597421E-5392-4B35-A05C-F508A55CBE67}.Release|Win32.Build.0 = Release|Win32
		{8BF976C9-4CA8-4987-B899-21E7F7368BD1}.Debug|Win32.ActiveCfg = Debug|Win32
		{8BF976C9-4CA8-4987-B899-21E7F7368BD1}.Debug|Win32.Build.0 = Debug|Win32
		{8BF976C9-4CA8-4987-B899-21E7F7368BD1}.Release|Win32.ActiveCfg = Release|Win32
		{8BF976C9-4CA8-4987-B899-21E7F7368BD1}.Release|Win32.Build.0 = Release|Win32
	EndGlobalSection
	GlobalSection(SolutionProperties) = preSolution
		HideSolutionNode = FALSE
	EndGlobalSection
EndGlobal
